
Microsoft Visual Studio Solution File, Format Version 12.00
# Visual Studio Version 16
VisualStudioVersion = 16.0.29613.14
MinimumVisualStudioVersion = 10.0.40219.1
Project("{FAE04EC0-301F-11D3-BF4B-00C04F79EFBC}") = "Project Group 20", "Project Group 20\Project Group 20.csproj", "{8FD88B2B-C5AB-4DC2-8AD9-7469EA893D5B}"
EndProject
Global
	GlobalSection(SolutionConfigurationPlatforms) = preSolution
		Debug|Any CPU = Debug|Any CPU
		Release|Any CPU = Release|Any CPU
	EndGlobalSection
	GlobalSection(ProjectConfigurationPlatforms) = postSolution
		{8FD88B2B-C5AB-4DC2-8AD9-7469EA893D5B}.Debug|Any CPU.ActiveCfg = Debug|Any CPU
		{8FD88B2B-C5AB-4DC2-8AD9-7469EA893D5B}.Debug|Any CPU.Build.0 = Debug|Any CPU
		{8FD88B2B-C5AB-4DC2-8AD9-7469EA893D5B}.Release|Any CPU.ActiveCfg = Release|Any CPU
		{8FD88B2B-C5AB-4DC2-8AD9-7469EA893D5B}.Release|Any CPU.Build.0 = Release|Any CPU
	EndGlobalSection
	GlobalSection(SolutionProperties) = preSolution
		HideSolutionNode = FALSE
	EndGlobalSection
	GlobalSection(ExtensibilityGlobals) = postSolution
		SolutionGuid = {447A7786-53EB-4894-BC7E-BC86F0FDECE8}
	EndGlobalSection
EndGlobal
